
Microsoft Visual Studio Solution File, Format Version 12.00
# Visual Studio Version 16
VisualStudioVersion = 16.0.31410.357
MinimumVisualStudioVersion = 10.0.40219.1
Project("{FAE04EC0-301F-11D3-BF4B-00C04F79EFBC}") = "TestDWS515", "TestDWS515\TestDWS515.csproj", "{60003380-AA71-4FE1-94A8-AE3E3126BE4A}"
EndProject
Project("{9A19103F-16F7-4668-BE54-9A1E7A4F7556}") = "TestAPICore", "TestAPICore\TestAPICore.csproj", "{09DEF7C9-6E81-4030-A3B4-F6366DC1F377}"
EndProject
Global
	GlobalSection(SolutionConfigurationPlatforms) = preSolution
		Debug|Any CPU = Debug|Any CPU
		Release|Any CPU = Release|Any CPU
	EndGlobalSection
	GlobalSection(ProjectConfigurationPlatforms) = postSolution
		{60003380-AA71-4FE1-94A8-AE3E3126BE4A}.Debug|Any CPU.ActiveCfg = Debug|Any CPU
		{60003380-AA71-4FE1-94A8-AE3E3126BE4A}.Debug|Any CPU.Build.0 = Debug|Any CPU
		{60003380-AA71-4FE1-94A8-AE3E3126BE4A}.Release|Any CPU.ActiveCfg = Release|Any CPU
		{60003380-AA71-4FE1-94A8-AE3E3126BE4A}.Release|Any CPU.Build.0 = Release|Any CPU
		{09DEF7C9-6E81-4030-A3B4-F6366DC1F377}.Debug|Any CPU.ActiveCfg = Debug|Any CPU
		{09DEF7C9-6E81-4030-A3B4-F6366DC1F377}.Debug|Any CPU.Build.0 = Debug|Any CPU
		{09DEF7C9-6E81-4030-A3B4-F6366DC1F377}.Release|Any CPU.ActiveCfg = Release|Any CPU
		{09DEF7C9-6E81-4030-A3B4-F6366DC1F377}.Release|Any CPU.Build.0 = Release|Any CPU
	EndGlobalSection
	GlobalSection(SolutionProperties) = preSolution
		HideSolutionNode = FALSE
	EndGlobalSection
	GlobalSection(ExtensibilityGlobals) = postSolution
		SolutionGuid = {F3F28D18-B380-4FD8-915A-DD18B8CC53BE}
	EndGlobalSection
EndGlobal
